
Microsoft Visual Studio Solution File, Format Version 12.00
# Visual Studio 15
VisualStudioVersion = 15.0.34031.82
MinimumVisualStudioVersion = 10.0.40219.1
Project("{8BC9CEB8-8B4A-11D0-8D11-00A0C91BC942}") = "finlaProject", "finlaProject\finlaProject.vcxproj", "{2343E3EF-C8B0-43B8-BC7E-DC66261BFC1A}"
EndProject
Global
	GlobalSection(SolutionConfigurationPlatforms) = preSolution
		Debug|x64 = Debug|x64
		Debug|x86 = Debug|x86
		Release|x64 = Release|x64
		Release|x86 = Release|x86
	EndGlobalSection
	GlobalSection(ProjectConfigurationPlatforms) = postSolution
		{2343E3EF-C8B0-43B8-BC7E-DC66261BFC1A}.Debug|x64.ActiveCfg = Debug|x64
		{2343E3EF-C8B0-43B8-BC7E-DC66261BFC1A}.Debug|x64.Build.0 = Debug|x64
		{2343E3EF-C8B0-43B8-BC7E-DC66261BFC1A}.Debug|x86.ActiveCfg = Debug|Win32
		{2343E3EF-C8B0-43B8-BC7E-DC66261BFC1A}.Debug|x86.Build.0 = Debug|Win32
		{2343E3EF-C8B0-43B8-BC7E-DC66261BFC1A}.Release|x64.ActiveCfg = Release|x64
		{2343E3EF-C8B0-43B8-BC7E-DC66261BFC1A}.Release|x64.Build.0 = Release|x64
		{2343E3EF-C8B0-43B8-BC7E-DC66261BFC1A}.Release|x86.ActiveCfg = Release|Win32
		{2343E3EF-C8B0-43B8-BC7E-DC66261BFC1A}.Release|x86.Build.0 = Release|Win32
	EndGlobalSection
	GlobalSection(SolutionProperties) = preSolution
		HideSolutionNode = FALSE
	EndGlobalSection
	GlobalSection(ExtensibilityGlobals) = postSolution
		SolutionGuid = {3683F416-B7A0-4E45-8888-DEC3C7AE9ABA}
	EndGlobalSection
EndGlobal
